// !$*UTF8*$!
{
	archiveVersion = 1;
	classes = {
	};
	objectVersion = 48;
	objects = {

/* Begin PBXBuildFile section */
		520069551FDE178000F83450 /* AppDelegate.swift in Sources */ = {isa = PBXBuildFile; fileRef = 520069541FDE178000F83450 /* AppDelegate.swift */; };
		520069571FDE178000F83450 /* ViewController.swift in Sources */ = {isa = PBXBuildFile; fileRef = 520069561FDE178000F83450 /* ViewController.swift */; };
		5200695A1FDE178000F83450 /* Main.storyboard in Resources */ = {isa = PBXBuildFile; fileRef = 520069581FDE178000F83450 /* Main.storyboard */; };
		5200695C1FDE178000F83450 /* Assets.xcassets in Resources */ = {isa = PBXBuildFile; fileRef = 5200695B1FDE178000F83450 /* Assets.xcassets */; };
		5200695F1FDE178000F83450 /* LaunchScreen.storyboard in Resources */ = {isa = PBXBuildFile; fileRef = 5200695D1FDE178000F83450 /* LaunchScreen.storyboard */; };
		520069681FDE1D8A00F83450 /* CustomTableViewCell.swift in Sources */ = {isa = PBXBuildFile; fileRef = 520069671FDE1D8A00F83450 /* CustomTableViewCell.swift */; };
		520069691FDE257E00F83450 /* GettyImages-538096543_medium.jpg in Resources */ = {isa = PBXBuildFile; fileRef = 520069661FDE182000F83450 /* GettyImages-538096543_medium.jpg */; };
/* End PBXBuildFile section */

/* Begin PBXFileReference section */
		520069511FDE178000F83450 /* testingUI.app */ = {isa = PBXFileReference; explicitFileType = wrapper.application; includeInIndex = 0; path = testingUI.app; sourceTree = BUILT_PRODUCTS_DIR; };
		520069541FDE178000F83450 /* AppDelegate.swift */ = {isa = PBXFileReference; lastKnownFileType = sourcecode.swift; path = AppDelegate.swift; sourceTree = "<group>"; };
		520069561FDE178000F83450 /* ViewController.swift */ = {isa = PBXFileReference; lastKnownFileType = sourcecode.swift; path = ViewController.swift; sourceTree = "<group>"; };
		520069591FDE178000F83450 /* Base */ = {isa = PBXFileReference; lastKnownFileType = file.storyboard; name = Base; path = Base.lproj/Main.storyboard; sourceTree = "<group>"; };
		5200695B1FDE178000F83450 /* Assets.xcassets */ = {isa = PBXFileReference; lastKnownFileType = folder.assetcatalog; path = Assets.xcassets; sourceTree = "<group>"; };
		5200695E1FDE178000F83450 /* Base */ = {isa = PBXFileReference; lastKnownFileType = file.storyboard; name = Base; path = Base.lproj/LaunchScreen.storyboard; sourceTree = "<group>"; };
		520069601FDE178000F83450 /* Info.plist */ = {isa = PBXFileReference; lastKnownFileType = text.plist.xml; path = Info.plist; sourceTree = "<group>"; };
		520069661FDE182000F83450 /* GettyImages-538096543_medium.jpg */ = {isa = PBXFileReference; lastKnownFileType = image.jpeg; path = "GettyImages-538096543_medium.jpg"; sourceTree = "<group>"; };
		520069671FDE1D8A00F83450 /* CustomTableViewCell.swift */ = {isa = PBXFileReference; lastKnownFileType = sourcecode.swift; path = CustomTableViewCell.swift; sourceTree = "<group>"; };
/* End PBXFileReference section */

/* Begin PBXFrameworksBuildPhase section */
		5200694E1FDE178000F83450 /* Frameworks */ = {
			isa = PBXFrameworksBuildPhase;
			buildActionMask = 2147483647;
			files = (
			);
			runOnlyForDeploymentPostprocessing = 0;
		};
/* End PBXFrameworksBuildPhase section */

/* Begin PBXGroup section */
		520069481FDE178000F83450 = {
			isa = PBXGroup;
			children = (
				520069531FDE178000F83450 /* testingUI */,
				520069521FDE178000F83450 /* Products */,
			);
			sourceTree = "<group>";
		};
		520069521FDE178000F83450 /* Products */ = {
			isa = PBXGroup;
			children = (
				520069511FDE178000F83450 /* testingUI.app */,
			);
			name = Products;
			sourceTree = "<group>";
		};
		520069531FDE178000F83450 /* testingUI */ = {
			isa = PBXGroup;
			children = (
				520069541FDE178000F83450 /* AppDelegate.swift */,
				520069561FDE178000F83450 /* ViewController.swift */,
				520069581FDE178000F83450 /* Main.storyboard */,
				520069671FDE1D8A00F83450 /* CustomTableViewCell.swift */,
				5200695B1FDE178000F83450 /* Assets.xcassets */,
				5200695D1FDE178000F83450 /* LaunchScreen.storyboard */,
				520069661FDE182000F83450 /* GettyImages-538096543_medium.jpg */,
				520069601FDE178000F83450 /* Info.plist */,
			);
			path = testingUI;
			sourceTree = "<group>";
		};
/* End PBXGroup section */

/* Begin PBXNativeTarget section */
		520069501FDE178000F83450 /* testingUI */ = {
			isa = PBXNativeTarget;
			buildConfigurationList = 520069631FDE178000F83450 /* Build configuration list for PBXNativeTarget "testingUI" */;
			buildPhases = (
				5200694D1FDE178000F83450 /* Sources */,
				5200694E1FDE178000F83450 /* Frameworks */,
				5200694F1FDE178000F83450 /* Resources */,
			);
			buildRules = (
			);
			dependencies = (
			);
			name = testingUI;
			productName = testingUI;
			productReference = 520069511FDE178000F83450 /* testingUI.app */;
			productType = "com.apple.product-type.application";
		};
/* End PBXNativeTarget section */

/* Begin PBXProject section */
		520069491FDE178000F83450 /* Project object */ = {
			isa = PBXProject;
			attributes = {
				LastSwiftUpdateCheck = 0900;
				LastUpgradeCheck = 0900;
				ORGANIZATIONNAME = "Avi Arora";
				TargetAttributes = {
					520069501FDE178000F83450 = {
						CreatedOnToolsVersion = 9.0;
						ProvisioningStyle = Automatic;
					};
				};
			};
			buildConfigurationList = 5200694C1FDE178000F83450 /* Build configuration list for PBXProject "testingUI" */;
			compatibilityVersion = "Xcode 8.0";
			developmentRegion = en;
			hasScannedForEncodings = 0;
			knownRegions = (
				en,
				Base,
			);
			mainGroup = 520069481FDE178000F83450;
			productRefGroup = 520069521FDE178000F83450 /* Products */;
			projectDirPath = "";
			projectRoot = "";
			targets = (
				520069501FDE178000F83450 /* testingUI */,
			);
		};
/* End PBXProject section */

/* Begin PBXResourcesBuildPhase section */
		5200694F1FDE178000F83450 /* Resources */ = {
			isa = PBXResourcesBuildPhase;
			buildActionMask = 2147483647;
			files = (
				520069691FDE257E00F83450 /* GettyImages-538096543_medium.jpg in Resources */,
				5200695F1FDE178000F83450 /* LaunchScreen.storyboard in Resources */,
				5200695C1FDE178000F83450 /* Assets.xcassets in Resources */,
				5200695A1FDE178000F83450 /* Main.storyboard in Resources */,
			);
			runOnlyForDeploymentPostprocessing = 0;
		};
/* End PBXResourcesBuildPhase section */

/* Begin PBXSourcesBuildPhase section */
		5200694D1FDE178000F83450 /* Sources */ = {
			isa = PBXSourcesBuildPhase;
			buildActionMask = 2147483647;
			files = (
				520069681FDE1D8A00F83450 /* CustomTableViewCell.swift in Sources */,
				520069571FDE178000F83450 /* ViewController.swift in Sources */,
				520069551FDE178000F83450 /* AppDelegate.swift in Sources */,
			);
			runOnlyForDeploymentPostprocessing = 0;
		};
/* End PBXSourcesBuildPhase section */

/* Begin PBXVariantGroup section */
		520069581FDE178000F83450 /* Main.storyboard */ = {
			isa = PBXVariantGroup;
			children = (
				520069591FDE178000F83450 /* Base */,
			);
			name = Main.storyboard;
			sourceTree = "<group>";
		};
		5200695D1FDE178000F83450 /* LaunchScreen.storyboard */ = {
			isa = PBXVariantGroup;
			children = (
				5200695E1FDE178000F83450 /* Base */,
			);
			name = LaunchScreen.storyboard;
			sourceTree = "<group>";
		};
/* End PBXVariantGroup section */

/* Begin XCBuildConfiguration section */
		520069611FDE178000F83450 /* Debug */ = {
			isa = XCBuildConfiguration;
			buildSettings = {
				ALWAYS_SEARCH_USER_PATHS = NO;
				CLANG_ANALYZER_NONNULL = YES;
				CLANG_ANALYZER_NUMBER_OBJECT_CONVERSION = YES_AGGRESSIVE;
				CLANG_CXX_LANGUAGE_STANDARD = "gnu++14";
				CLANG_CXX_LIBRARY = "libc++";
				CLANG_ENABLE_MODULES = YES;
				CLANG_ENABLE_OBJC_ARC = YES;
				CLANG_WARN_BLOCK_CAPTURE_AUTORELEASING = YES;
				CLANG_WARN_BOOL_CONVERSION = YES;
				CLANG_WARN_COMMA = YES;
				CLANG_WARN_CONSTANT_CONVERSION = YES;
				CLANG_WARN_DIRECT_OBJC_ISA_USAGE = YES_ERROR;
				CLANG_WARN_DOCUMENTATION_COMMENTS = YES;
				CLANG_WARN_EMPTY_BODY = YES;
				CLANG_WARN_ENUM_CONVERSION = YES;
				CLANG_WARN_INFINITE_RECURSION = YES;
				CLANG_WARN_INT_CONVERSION = YES;
				CLANG_WARN_NON_LITERAL_NULL_CONVERSION = YES;
				CLANG_WARN_OBJC_LITERAL_CONVERSION = YES;
				CLANG_WARN_OBJC_ROOT_CLASS = YES_ERROR;
				CLANG_WARN_RANGE_LOOP_ANALYSIS = YES;
				CLANG_WARN_STRICT_PROTOTYPES = YES;
				CLANG_WARN_SUSPICIOUS_MOVE = YES;
				CLANG_WARN_UNGUARDED_AVAILABILITY = YES_AGGRESSIVE;
				CLANG_WARN_UNREACHABLE_CODE = YES;
				CLANG_WARN__DUPLICATE_METHOD_MATCH = YES;
				CODE_SIGN_IDENTITY = "iPhone Developer";
				COPY_PHASE_STRIP = NO;
				DEBUG_INFORMATION_FORMAT = dwarf;
				ENABLE_STRICT_OBJC_MSGSEND = YES;
				ENABLE_TESTABILITY = YES;
				GCC_C_LANGUAGE_STANDARD = gnu11;
				GCC_DYNAMIC_NO_PIC = NO;
				GCC_NO_COMMON_BLOCKS = YES;
				GCC_OPTIMIZATION_LEVEL = 0;
				GCC_PREPROCESSOR_DEFINITIONS = (
					"DEBUG=1",
					"$(inherited)",
				);
				GCC_WARN_64_TO_32_BIT_CONVERSION = YES;
				GCC_WARN_ABOUT_RETURN_TYPE = YES_ERROR;
				GCC_WARN_UNDECLARED_SELECTOR = YES;
				GCC_WARN_UNINITIALIZED_AUTOS = YES_AGGRESSIVE;
				GCC_WARN_UNUSED_FUNCTION = YES;
				GCC_WARN_UNUSED_VARIABLE = YES;
				IPHONEOS_DEPLOYMENT_TARGET = 11.0;
				MTL_ENABLE_DEBUG_INFO = YES;
				ONLY_ACTIVE_ARCH = YES;
				SDKROOT = iphoneos;
				SWIFT_ACTIVE_COMPILATION_CONDITIONS = DEBUG;
				SWIFT_OPTIMIZATION_LEVEL = "-Onone";
			};
			name = Debug;
		};
		520069621FDE178000F83450 /* Release */ = {
			isa = XCBuildConfiguration;
			buildSettings = {
				ALWAYS_SEARCH_USER_PATHS = NO;
				CLANG_ANALYZER_NONNULL = YES;
				CLANG_ANALYZER_NUMBER_OBJECT_CONVERSION = YES_AGGRESSIVE;
				CLANG_CXX_LANGUAGE_STANDARD = "gnu++14";
				CLANG_CXX_LIBRARY = "libc++";
				CLANG_ENABLE_MODULES = YES;
				CLANG_ENABLE_OBJC_ARC = YES;
				CLANG_WARN_BLOCK_CAPTURE_AUTORELEASING = YES;
				CLANG_WARN_BOOL_CONVERSION = YES;
				CLANG_WARN_COMMA = YES;
				CLANG_WARN_CONSTANT_CONVERSION = YES;
				CLANG_WARN_DIRECT_OBJC_ISA_USAGE = YES_ERROR;
				CLANG_WARN_DOCUMENTATION_COMMENTS = YES;
				CLANG_WARN_EMPTY_BODY = YES;
				CLANG_WARN_ENUM_CONVERSION = YES;
				CLANG_WARN_INFINITE_RECURSION = YES;
				CLANG_WARN_INT_CONVERSION = YES;
				CLANG_WARN_NON_LITERAL_NULL_CONVERSION = YES;
				CLANG_WARN_OBJC_LITERAL_CONVERSION = YES;
				CLANG_WARN_OBJC_ROOT_CLASS = YES_ERROR;
				CLANG_WARN_RANGE_LOOP_ANALYSIS = YES;
				CLANG_WARN_STRICT_PROTOTYPES = YES;
				CLANG_WARN_SUSPICIOUS_MOVE = YES;
				CLANG_WARN_UNGUARDED_AVAILABILITY = YES_AGGRESSIVE;
				CLANG_WARN_UNREACHABLE_CODE = YES;
				CLANG_WARN__DUPLICATE_METHOD_MATCH = YES;
				CODE_SIGN_IDENTITY = "iPhone Developer";
				COPY_PHASE_STRIP = NO;
				DEBUG_INFORMATION_FORMAT = "dwarf-with-dsym";
				ENABLE_NS_ASSERTIONS = NO;
				ENABLE_STRICT_OBJC_MSGSEND = YES;
				GCC_C_LANGUAGE_STANDARD = gnu11;
				GCC_NO_COMMON_BLOCKS = YES;
				GCC_WARN_64_TO_32_BIT_CONVERSION = YES;
				GCC_WARN_ABOUT_RETURN_TYPE = YES_ERROR;
				GCC_WARN_UNDECLARED_SELECTOR = YES;
				GCC_WARN_UNINITIALIZED_AUTOS = YES_AGGRESSIVE;
				GCC_WARN_UNUSED_FUNCTION = YES;
				GCC_WARN_UNUSED_VARIABLE = YES;
				IPHONEOS_DEPLOYMENT_TARGET = 11.0;
				MTL_ENABLE_DEBUG_INFO = NO;
				SDKROOT = iphoneos;
				SWIFT_OPTIMIZATION_LEVEL = "-Owholemodule";
				VALIDATE_PRODUCT = YES;
			};
			name = Release;
		};
		520069641FDE178000F83450 /* Debug */ = {
			isa = XCBuildConfiguration;
			buildSettings = {
				ASSETCATALOG_COMPILER_APPICON_NAME = AppIcon;
				CODE_SIGN_STYLE = Automatic;
				INFOPLIST_FILE = testingUI/Info.plist;
				LD_RUNPATH_SEARCH_PATHS = "$(inherited) @executable_path/Frameworks";
				PRODUCT_BUNDLE_IDENTIFIER = com.aviarora.testingUI;
				PRODUCT_NAME = "$(TARGET_NAME)";
				SWIFT_VERSION = 4.0;
				TARGETED_DEVICE_FAMILY = "1,2";
			};
			name = Debug;
		};
		520069651FDE178000F83450 /* Release */ = {
			isa = XCBuildConfiguration;
			buildSettings = {
				ASSETCATALOG_COMPILER_APPICON_NAME = AppIcon;
				CODE_SIGN_STYLE = Automatic;
				INFOPLIST_FILE = testingUI/Info.plist;
				LD_RUNPATH_SEARCH_PATHS = "$(inherited) @executable_path/Frameworks";
				PRODUCT_BUNDLE_IDENTIFIER = com.aviarora.testingUI;
				PRODUCT_NAME = "$(TARGET_NAME)";
				SWIFT_VERSION = 4.0;
				TARGETED_DEVICE_FAMILY = "1,2";
			};
			name = Release;
		};
/* End XCBuildConfiguration section */

/* Begin XCConfigurationList section */
		5200694C1FDE178000F83450 /* Build configuration list for PBXProject "testingUI" */ = {
			isa = XCConfigurationList;
			buildConfigurations = (
				520069611FDE178000F83450 /* Debug */,
				520069621FDE178000F83450 /* Release */,
			);
			defaultConfigurationIsVisible = 0;
			defaultConfigurationName = Release;
		};
		520069631FDE178000F83450 /* Build configuration list for PBXNativeTarget "testingUI" */ = {
			isa = XCConfigurationList;
			buildConfigurations = (
				520069641FDE178000F83450 /* Debug */,
				520069651FDE178000F83450 /* Release */,
			);
			defaultConfigurationIsVisible = 0;
			defaultConfigurationName = Release;
		};
/* End XCConfigurationList section */
	};
	rootObject = 520069491FDE178000F83450 /* Project object */;
}
